
Microsoft Visual Studio Solution File, Format Version 12.00
# Visual Studio Version 16
VisualStudioVersion = 16.0.31112.23
MinimumVisualStudioVersion = 10.0.40219.1
Project("{FAE04EC0-301F-11D3-BF4B-00C04F79EFBC}") = "TestAssignment", "TestAssignment.csproj", "{06BB493F-70F7-4EF3-A50D-E394C29A16FC}"
EndProject
Global
	GlobalSection(SolutionConfigurationPlatforms) = preSolution
		Debug|Any CPU = Debug|Any CPU
		Release|Any CPU = Release|Any CPU
	EndGlobalSection
	GlobalSection(ProjectConfigurationPlatforms) = postSolution
		{06BB493F-70F7-4EF3-A50D-E394C29A16FC}.Debug|Any CPU.ActiveCfg = Debug|Any CPU
		{06BB493F-70F7-4EF3-A50D-E394C29A16FC}.Debug|Any CPU.Build.0 = Debug|Any CPU
		{06BB493F-70F7-4EF3-A50D-E394C29A16FC}.Release|Any CPU.ActiveCfg = Release|Any CPU
		{06BB493F-70F7-4EF3-A50D-E394C29A16FC}.Release|Any CPU.Build.0 = Release|Any CPU
	EndGlobalSection
	GlobalSection(SolutionProperties) = preSolution
		HideSolutionNode = FALSE
	EndGlobalSection
	GlobalSection(ExtensibilityGlobals) = postSolution
		SolutionGuid = {51FAF8D3-5A2F-4A38-A247-DDC1767C4D03}
	EndGlobalSection
EndGlobal
